
Microsoft Visual Studio Solution File, Format Version 12.00
# Visual Studio 2012
Project("{FAE04EC0-301F-11D3-BF4B-00C04F79EFBC}") = "Electricity", "Triangle\Electricity.csproj", "{79E5725E-4390-405E-8843-2656EE5735E9}"
EndProject
Project("{FAE04EC0-301F-11D3-BF4B-00C04F79EFBC}") = "OddAndEvenJumps", "OddAndEvenJumps\OddAndEvenJumps.csproj", "{6A5EE09F-3FE8-4C9A-92D5-A5C5D3C096C2}"
EndProject
Project("{FAE04EC0-301F-11D3-BF4B-00C04F79EFBC}") = "HouseWithWindow", "HouseWithWindow\HouseWithWindow.csproj", "{4C10FCD5-E83D-4A7D-89B5-9BC459F78DF7}"
EndProject
Project("{FAE04EC0-301F-11D3-BF4B-00C04F79EFBC}") = "Star", "Star\Star.csproj", "{D3CF0356-1B22-4236-BDAA-D023E2FC948A}"
EndProject
Project("{FAE04EC0-301F-11D3-BF4B-00C04F79EFBC}") = "Tic-Tac-ToePower", "Tic-Tac-ToePower\Tic-Tac-ToePower.csproj", "{2464E535-D962-44DC-AEDA-624904DF000A}"
EndProject
Global
	GlobalSection(SolutionConfigurationPlatforms) = preSolution
		Debug|Any CPU = Debug|Any CPU
		Release|Any CPU = Release|Any CPU
	EndGlobalSection
	GlobalSection(ProjectConfigurationPlatforms) = postSolution
		{79E5725E-4390-405E-8843-2656EE5735E9}.Debug|Any CPU.ActiveCfg = Debug|Any CPU
		{79E5725E-4390-405E-8843-2656EE5735E9}.Debug|Any CPU.Build.0 = Debug|Any CPU
		{79E5725E-4390-405E-8843-2656EE5735E9}.Release|Any CPU.ActiveCfg = Release|Any CPU
		{79E5725E-4390-405E-8843-2656EE5735E9}.Release|Any CPU.Build.0 = Release|Any CPU
		{6A5EE09F-3FE8-4C9A-92D5-A5C5D3C096C2}.Debug|Any CPU.ActiveCfg = Debug|Any CPU
		{6A5EE09F-3FE8-4C9A-92D5-A5C5D3C096C2}.Debug|Any CPU.Build.0 = Debug|Any CPU
		{6A5EE09F-3FE8-4C9A-92D5-A5C5D3C096C2}.Release|Any CPU.ActiveCfg = Release|Any CPU
		{6A5EE09F-3FE8-4C9A-92D5-A5C5D3C096C2}.Release|Any CPU.Build.0 = Release|Any CPU
		{4C10FCD5-E83D-4A7D-89B5-9BC459F78DF7}.Debug|Any CPU.ActiveCfg = Debug|Any CPU
		{4C10FCD5-E83D-4A7D-89B5-9BC459F78DF7}.Debug|Any CPU.Build.0 = Debug|Any CPU
		{4C10FCD5-E83D-4A7D-89B5-9BC459F78DF7}.Release|Any CPU.ActiveCfg = Release|Any CPU
		{4C10FCD5-E83D-4A7D-89B5-9BC459F78DF7}.Release|Any CPU.Build.0 = Release|Any CPU
		{D3CF0356-1B22-4236-BDAA-D023E2FC948A}.Debug|Any CPU.ActiveCfg = Debug|Any CPU
		{D3CF0356-1B22-4236-BDAA-D023E2FC948A}.Debug|Any CPU.Build.0 = Debug|Any CPU
		{D3CF0356-1B22-4236-BDAA-D023E2FC948A}.Release|Any CPU.ActiveCfg = Release|Any CPU
		{D3CF0356-1B22-4236-BDAA-D023E2FC948A}.Release|Any CPU.Build.0 = Release|Any CPU
		{2464E535-D962-44DC-AEDA-624904DF000A}.Debug|Any CPU.ActiveCfg = Debug|Any CPU
		{2464E535-D962-44DC-AEDA-624904DF000A}.Debug|Any CPU.Build.0 = Debug|Any CPU
		{2464E535-D962-44DC-AEDA-624904DF000A}.Release|Any CPU.ActiveCfg = Release|Any CPU
		{2464E535-D962-44DC-AEDA-624904DF000A}.Release|Any CPU.Build.0 = Release|Any CPU
	EndGlobalSection
	GlobalSection(SolutionProperties) = preSolution
		HideSolutionNode = FALSE
	EndGlobalSection
EndGlobal
