
Microsoft Visual Studio Solution File, Format Version 12.00
# Visual Studio 2012
Project("{FAE04EC0-301F-11D3-BF4B-00C04F79EFBC}") = "Problem_1_SquareRoot", "ExceptionHandling\Problem_1_SquareRoot.csproj", "{79C8D7F3-B664-4567-8EF0-6AFE3F02C0C3}"
EndProject
Project("{FAE04EC0-301F-11D3-BF4B-00C04F79EFBC}") = "Problem_2_EnterNumbers", "Problem_2_EnterNumbers\Problem_2_EnterNumbers.csproj", "{91E3E8FF-7BC6-477A-9E3C-A37F230868DA}"
EndProject
Global
	GlobalSection(SolutionConfigurationPlatforms) = preSolution
		Debug|Any CPU = Debug|Any CPU
		Release|Any CPU = Release|Any CPU
	EndGlobalSection
	GlobalSection(ProjectConfigurationPlatforms) = postSolution
		{79C8D7F3-B664-4567-8EF0-6AFE3F02C0C3}.Debug|Any CPU.ActiveCfg = Debug|Any CPU
		{79C8D7F3-B664-4567-8EF0-6AFE3F02C0C3}.Debug|Any CPU.Build.0 = Debug|Any CPU
		{79C8D7F3-B664-4567-8EF0-6AFE3F02C0C3}.Release|Any CPU.ActiveCfg = Release|Any CPU
		{79C8D7F3-B664-4567-8EF0-6AFE3F02C0C3}.Release|Any CPU.Build.0 = Release|Any CPU
		{91E3E8FF-7BC6-477A-9E3C-A37F230868DA}.Debug|Any CPU.ActiveCfg = Debug|Any CPU
		{91E3E8FF-7BC6-477A-9E3C-A37F230868DA}.Debug|Any CPU.Build.0 = Debug|Any CPU
		{91E3E8FF-7BC6-477A-9E3C-A37F230868DA}.Release|Any CPU.ActiveCfg = Release|Any CPU
		{91E3E8FF-7BC6-477A-9E3C-A37F230868DA}.Release|Any CPU.Build.0 = Release|Any CPU
	EndGlobalSection
	GlobalSection(SolutionProperties) = preSolution
		HideSolutionNode = FALSE
	EndGlobalSection
EndGlobal
